// !$*UTF8*$!
{
	archiveVersion = 1;
	classes = {
	};
	objectVersion = 51;
	objects = {

/* Begin PBXBuildFile section */
		52A2071F254333B30090A12F /* AppDelegate.swift in Sources */ = {isa = PBXBuildFile; fileRef = 52A2071E254333B30090A12F /* AppDelegate.swift */; };
		52A20721254333B30090A12F /* SceneDelegate.swift in Sources */ = {isa = PBXBuildFile; fileRef = 52A20720254333B30090A12F /* SceneDelegate.swift */; };
		52A20723254333B30090A12F /* ViewController.swift in Sources */ = {isa = PBXBuildFile; fileRef = 52A20722254333B30090A12F /* ViewController.swift */; };
		52A20726254333B30090A12F /* Main.storyboard in Resources */ = {isa = PBXBuildFile; fileRef = 52A20724254333B30090A12F /* Main.storyboard */; };
		52A20728254333B50090A12F /* Assets.xcassets in Resources */ = {isa = PBXBuildFile; fileRef = 52A20727254333B50090A12F /* Assets.xcassets */; };
		52A2072B254333B50090A12F /* LaunchScreen.storyboard in Resources */ = {isa = PBXBuildFile; fileRef = 52A20729254333B50090A12F /* LaunchScreen.storyboard */; };
		52A20735254334710090A12F /* AACarousel.swift in Sources */ = {isa = PBXBuildFile; fileRef = 52A20734254334710090A12F /* AACarousel.swift */; };
		52A20738254334880090A12F /* TitleCollectionViewCell.swift in Sources */ = {isa = PBXBuildFile; fileRef = 52A20737254334880090A12F /* TitleCollectionViewCell.swift */; };
		52A2073B254334980090A12F /* ContentTableViewCell.swift in Sources */ = {isa = PBXBuildFile; fileRef = 52A2073A254334980090A12F /* ContentTableViewCell.swift */; };
		A7AAB7FBC4CA74FCFC8CF94D /* Pods_TdpCollapsingBar.framework in Frameworks */ = {isa = PBXBuildFile; fileRef = E8C951489621F3381AA1C2E9 /* Pods_TdpCollapsingBar.framework */; };
/* End PBXBuildFile section */

/* Begin PBXFileReference section */
		101FF989EEF40BCF21D72C22 /* Pods-TdpCollapsingBar.debug.xcconfig */ = {isa = PBXFileReference; includeInIndex = 1; lastKnownFileType = text.xcconfig; name = "Pods-TdpCollapsingBar.debug.xcconfig"; path = "Target Support Files/Pods-TdpCollapsingBar/Pods-TdpCollapsingBar.debug.xcconfig"; sourceTree = "<group>"; };
		52A2071B254333B30090A12F /* TdpCollapsingBar.app */ = {isa = PBXFileReference; explicitFileType = wrapper.application; includeInIndex = 0; path = TdpCollapsingBar.app; sourceTree = BUILT_PRODUCTS_DIR; };
		52A2071E254333B30090A12F /* AppDelegate.swift */ = {isa = PBXFileReference; lastKnownFileType = sourcecode.swift; path = AppDelegate.swift; sourceTree = "<group>"; };
		52A20720254333B30090A12F /* SceneDelegate.swift */ = {isa = PBXFileReference; lastKnownFileType = sourcecode.swift; path = SceneDelegate.swift; sourceTree = "<group>"; };
		52A20722254333B30090A12F /* ViewController.swift */ = {isa = PBXFileReference; lastKnownFileType = sourcecode.swift; path = ViewController.swift; sourceTree = "<group>"; };
		52A20725254333B30090A12F /* Base */ = {isa = PBXFileReference; lastKnownFileType = file.storyboard; name = Base; path = Base.lproj/Main.storyboard; sourceTree = "<group>"; };
		52A20727254333B50090A12F /* Assets.xcassets */ = {isa = PBXFileReference; lastKnownFileType = folder.assetcatalog; path = Assets.xcassets; sourceTree = "<group>"; };
		52A2072A254333B50090A12F /* Base */ = {isa = PBXFileReference; lastKnownFileType = file.storyboard; name = Base; path = Base.lproj/LaunchScreen.storyboard; sourceTree = "<group>"; };
		52A2072C254333B50090A12F /* Info.plist */ = {isa = PBXFileReference; lastKnownFileType = text.plist.xml; path = Info.plist; sourceTree = "<group>"; };
		52A20734254334710090A12F /* AACarousel.swift */ = {isa = PBXFileReference; lastKnownFileType = sourcecode.swift; path = AACarousel.swift; sourceTree = "<group>"; };
		52A20737254334880090A12F /* TitleCollectionViewCell.swift */ = {isa = PBXFileReference; lastKnownFileType = sourcecode.swift; path = TitleCollectionViewCell.swift; sourceTree = "<group>"; };
		52A2073A254334980090A12F /* ContentTableViewCell.swift */ = {isa = PBXFileReference; lastKnownFileType = sourcecode.swift; path = ContentTableViewCell.swift; sourceTree = "<group>"; };
		5768ECD169EF419F3110418D /* Pods-TdpCollapsingBar.release.xcconfig */ = {isa = PBXFileReference; includeInIndex = 1; lastKnownFileType = text.xcconfig; name = "Pods-TdpCollapsingBar.release.xcconfig"; path = "Target Support Files/Pods-TdpCollapsingBar/Pods-TdpCollapsingBar.release.xcconfig"; sourceTree = "<group>"; };
		E8C951489621F3381AA1C2E9 /* Pods_TdpCollapsingBar.framework */ = {isa = PBXFileReference; explicitFileType = wrapper.framework; includeInIndex = 0; path = Pods_TdpCollapsingBar.framework; sourceTree = BUILT_PRODUCTS_DIR; };
/* End PBXFileReference section */

/* Begin PBXFrameworksBuildPhase section */
		52A20718254333B30090A12F /* Frameworks */ = {
			isa = PBXFrameworksBuildPhase;
			buildActionMask = 2147483647;
			files = (
				A7AAB7FBC4CA74FCFC8CF94D /* Pods_TdpCollapsingBar.framework in Frameworks */,
			);
			runOnlyForDeploymentPostprocessing = 0;
		};
/* End PBXFrameworksBuildPhase section */

/* Begin PBXGroup section */
		52A20712254333B30090A12F = {
			isa = PBXGroup;
			children = (
				52A2071D254333B30090A12F /* TdpCollapsingBar */,
				52A2071C254333B30090A12F /* Products */,
				F419DAF31423E2A865FAF19B /* Pods */,
				AAD89220ABD6B4FF61D5B47A /* Frameworks */,
			);
			sourceTree = "<group>";
		};
		52A2071C254333B30090A12F /* Products */ = {
			isa = PBXGroup;
			children = (
				52A2071B254333B30090A12F /* TdpCollapsingBar.app */,
			);
			name = Products;
			sourceTree = "<group>";
		};
		52A2071D254333B30090A12F /* TdpCollapsingBar */ = {
			isa = PBXGroup;
			children = (
				52A2071E254333B30090A12F /* AppDelegate.swift */,
				52A20720254333B30090A12F /* SceneDelegate.swift */,
				52A20722254333B30090A12F /* ViewController.swift */,
				52A20734254334710090A12F /* AACarousel.swift */,
				52A20737254334880090A12F /* TitleCollectionViewCell.swift */,
				52A2073A254334980090A12F /* ContentTableViewCell.swift */,
				52A20724254333B30090A12F /* Main.storyboard */,
				52A20727254333B50090A12F /* Assets.xcassets */,
				52A20729254333B50090A12F /* LaunchScreen.storyboard */,
				52A2072C254333B50090A12F /* Info.plist */,
			);
			path = TdpCollapsingBar;
			sourceTree = "<group>";
		};
		AAD89220ABD6B4FF61D5B47A /* Frameworks */ = {
			isa = PBXGroup;
			children = (
				E8C951489621F3381AA1C2E9 /* Pods_TdpCollapsingBar.framework */,
			);
			name = Frameworks;
			sourceTree = "<group>";
		};
		F419DAF31423E2A865FAF19B /* Pods */ = {
			isa = PBXGroup;
			children = (
				101FF989EEF40BCF21D72C22 /* Pods-TdpCollapsingBar.debug.xcconfig */,
				5768ECD169EF419F3110418D /* Pods-TdpCollapsingBar.release.xcconfig */,
			);
			path = Pods;
			sourceTree = "<group>";
		};
/* End PBXGroup section */

/* Begin PBXNativeTarget section */
		52A2071A254333B30090A12F /* TdpCollapsingBar */ = {
			isa = PBXNativeTarget;
			buildConfigurationList = 52A2072F254333B50090A12F /* Build configuration list for PBXNativeTarget "TdpCollapsingBar" */;
			buildPhases = (
				B554FA4BB31F1988B7A8EE3B /* [CP] Check Pods Manifest.lock */,
				52A20717254333B30090A12F /* Sources */,
				52A20718254333B30090A12F /* Frameworks */,
				52A20719254333B30090A12F /* Resources */,
				14D73084483F1C7490D9CB5D /* [CP] Embed Pods Frameworks */,
			);
			buildRules = (
			);
			dependencies = (
			);
			name = TdpCollapsingBar;
			productName = TdpCollapsingBar;
			productReference = 52A2071B254333B30090A12F /* TdpCollapsingBar.app */;
			productType = "com.apple.product-type.application";
		};
/* End PBXNativeTarget section */

/* Begin PBXProject section */
		52A20713254333B30090A12F /* Project object */ = {
			isa = PBXProject;
			attributes = {
				LastSwiftUpdateCheck = 1200;
				LastUpgradeCheck = 1200;
				TargetAttributes = {
					52A2071A254333B30090A12F = {
						CreatedOnToolsVersion = 12.0;
					};
				};
			};
			buildConfigurationList = 52A20716254333B30090A12F /* Build configuration list for PBXProject "TdpCollapsingBar" */;
			compatibilityVersion = "Xcode 9.3";
			developmentRegion = en;
			hasScannedForEncodings = 0;
			knownRegions = (
				en,
				Base,
			);
			mainGroup = 52A20712254333B30090A12F;
			productRefGroup = 52A2071C254333B30090A12F /* Products */;
			projectDirPath = "";
			projectRoot = "";
			targets = (
				52A2071A254333B30090A12F /* TdpCollapsingBar */,
			);
		};
/* End PBXProject section */

/* Begin PBXResourcesBuildPhase section */
		52A20719254333B30090A12F /* Resources */ = {
			isa = PBXResourcesBuildPhase;
			buildActionMask = 2147483647;
			files = (
				52A2072B254333B50090A12F /* LaunchScreen.storyboard in Resources */,
				52A20728254333B50090A12F /* Assets.xcassets in Resources */,
				52A20726254333B30090A12F /* Main.storyboard in Resources */,
			);
			runOnlyForDeploymentPostprocessing = 0;
		};
/* End PBXResourcesBuildPhase section */

/* Begin PBXShellScriptBuildPhase section */
		14D73084483F1C7490D9CB5D /* [CP] Embed Pods Frameworks */ = {
			isa = PBXShellScriptBuildPhase;
			buildActionMask = 2147483647;
			files = (
			);
			inputFileListPaths = (
				"${PODS_ROOT}/Target Support Files/Pods-TdpCollapsingBar/Pods-TdpCollapsingBar-frameworks-${CONFIGURATION}-input-files.xcfilelist",
			);
			name = "[CP] Embed Pods Frameworks";
			outputFileListPaths = (
				"${PODS_ROOT}/Target Support Files/Pods-TdpCollapsingBar/Pods-TdpCollapsingBar-frameworks-${CONFIGURATION}-output-files.xcfilelist",
			);
			runOnlyForDeploymentPostprocessing = 0;
			shellPath = /bin/sh;
			shellScript = "\"${PODS_ROOT}/Target Support Files/Pods-TdpCollapsingBar/Pods-TdpCollapsingBar-frameworks.sh\"\n";
			showEnvVarsInLog = 0;
		};
		B554FA4BB31F1988B7A8EE3B /* [CP] Check Pods Manifest.lock */ = {
			isa = PBXShellScriptBuildPhase;
			buildActionMask = 2147483647;
			files = (
			);
			inputFileListPaths = (
			);
			inputPaths = (
				"${PODS_PODFILE_DIR_PATH}/Podfile.lock",
				"${PODS_ROOT}/Manifest.lock",
			);
			name = "[CP] Check Pods Manifest.lock";
			outputFileListPaths = (
			);
			outputPaths = (
				"$(DERIVED_FILE_DIR)/Pods-TdpCollapsingBar-checkManifestLockResult.txt",
			);
			runOnlyForDeploymentPostprocessing = 0;
			shellPath = /bin/sh;
			shellScript = "diff \"${PODS_PODFILE_DIR_PATH}/Podfile.lock\" \"${PODS_ROOT}/Manifest.lock\" > /dev/null\nif [ $? != 0 ] ; then\n    # print error to STDERR\n    echo \"error: The sandbox is not in sync with the Podfile.lock. Run 'pod install' or update your CocoaPods installation.\" >&2\n    exit 1\nfi\n# This output is used by Xcode 'outputs' to avoid re-running this script phase.\necho \"SUCCESS\" > \"${SCRIPT_OUTPUT_FILE_0}\"\n";
			showEnvVarsInLog = 0;
		};
/* End PBXShellScriptBuildPhase section */

/* Begin PBXSourcesBuildPhase section */
		52A20717254333B30090A12F /* Sources */ = {
			isa = PBXSourcesBuildPhase;
			buildActionMask = 2147483647;
			files = (
				52A20723254333B30090A12F /* ViewController.swift in Sources */,
				52A2071F254333B30090A12F /* AppDelegate.swift in Sources */,
				52A20738254334880090A12F /* TitleCollectionViewCell.swift in Sources */,
				52A20721254333B30090A12F /* SceneDelegate.swift in Sources */,
				52A20735254334710090A12F /* AACarousel.swift in Sources */,
				52A2073B254334980090A12F /* ContentTableViewCell.swift in Sources */,
			);
			runOnlyForDeploymentPostprocessing = 0;
		};
/* End PBXSourcesBuildPhase section */

/* Begin PBXVariantGroup section */
		52A20724254333B30090A12F /* Main.storyboard */ = {
			isa = PBXVariantGroup;
			children = (
				52A20725254333B30090A12F /* Base */,
			);
			name = Main.storyboard;
			sourceTree = "<group>";
		};
		52A20729254333B50090A12F /* LaunchScreen.storyboard */ = {
			isa = PBXVariantGroup;
			children = (
				52A2072A254333B50090A12F /* Base */,
			);
			name = LaunchScreen.storyboard;
			sourceTree = "<group>";
		};
/* End PBXVariantGroup section */

/* Begin XCBuildConfiguration section */
		52A2072D254333B50090A12F /* Debug */ = {
			isa = XCBuildConfiguration;
			buildSettings = {
				ALWAYS_SEARCH_USER_PATHS = NO;
				CLANG_ANALYZER_NONNULL = YES;
				CLANG_ANALYZER_NUMBER_OBJECT_CONVERSION = YES_AGGRESSIVE;
				CLANG_CXX_LANGUAGE_STANDARD = "gnu++14";
				CLANG_CXX_LIBRARY = "libc++";
				CLANG_ENABLE_MODULES = YES;
				CLANG_ENABLE_OBJC_ARC = YES;
				CLANG_ENABLE_OBJC_WEAK = YES;
				CLANG_WARN_BLOCK_CAPTURE_AUTORELEASING = YES;
				CLANG_WARN_BOOL_CONVERSION = YES;
				CLANG_WARN_COMMA = YES;
				CLANG_WARN_CONSTANT_CONVERSION = YES;
				CLANG_WARN_DEPRECATED_OBJC_IMPLEMENTATIONS = YES;
				CLANG_WARN_DIRECT_OBJC_ISA_USAGE = YES_ERROR;
				CLANG_WARN_DOCUMENTATION_COMMENTS = YES;
				CLANG_WARN_EMPTY_BODY = YES;
				CLANG_WARN_ENUM_CONVERSION = YES;
				CLANG_WARN_INFINITE_RECURSION = YES;
				CLANG_WARN_INT_CONVERSION = YES;
				CLANG_WARN_NON_LITERAL_NULL_CONVERSION = YES;
				CLANG_WARN_OBJC_IMPLICIT_RETAIN_SELF = YES;
				CLANG_WARN_OBJC_LITERAL_CONVERSION = YES;
				CLANG_WARN_OBJC_ROOT_CLASS = YES_ERROR;
				CLANG_WARN_QUOTED_INCLUDE_IN_FRAMEWORK_HEADER = YES;
				CLANG_WARN_RANGE_LOOP_ANALYSIS = YES;
				CLANG_WARN_STRICT_PROTOTYPES = YES;
				CLANG_WARN_SUSPICIOUS_MOVE = YES;
				CLANG_WARN_UNGUARDED_AVAILABILITY = YES_AGGRESSIVE;
				CLANG_WARN_UNREACHABLE_CODE = YES;
				CLANG_WARN__DUPLICATE_METHOD_MATCH = YES;
				COPY_PHASE_STRIP = NO;
				DEBUG_INFORMATION_FORMAT = dwarf;
				ENABLE_STRICT_OBJC_MSGSEND = YES;
				ENABLE_TESTABILITY = YES;
				GCC_C_LANGUAGE_STANDARD = gnu11;
				GCC_DYNAMIC_NO_PIC = NO;
				GCC_NO_COMMON_BLOCKS = YES;
				GCC_OPTIMIZATION_LEVEL = 0;
				GCC_PREPROCESSOR_DEFINITIONS = (
					"DEBUG=1",
					"$(inherited)",
				);
				GCC_WARN_64_TO_32_BIT_CONVERSION = YES;
				GCC_WARN_ABOUT_RETURN_TYPE = YES_ERROR;
				GCC_WARN_UNDECLARED_SELECTOR = YES;
				GCC_WARN_UNINITIALIZED_AUTOS = YES_AGGRESSIVE;
				GCC_WARN_UNUSED_FUNCTION = YES;
				GCC_WARN_UNUSED_VARIABLE = YES;
				IPHONEOS_DEPLOYMENT_TARGET = 14.0;
				MTL_ENABLE_DEBUG_INFO = INCLUDE_SOURCE;
				MTL_FAST_MATH = YES;
				ONLY_ACTIVE_ARCH = YES;
				SDKROOT = iphoneos;
				SWIFT_ACTIVE_COMPILATION_CONDITIONS = DEBUG;
				SWIFT_OPTIMIZATION_LEVEL = "-Onone";
			};
			name = Debug;
		};
		52A2072E254333B50090A12F /* Release */ = {
			isa = XCBuildConfiguration;
			buildSettings = {
				ALWAYS_SEARCH_USER_PATHS = NO;
				CLANG_ANALYZER_NONNULL = YES;
				CLANG_ANALYZER_NUMBER_OBJECT_CONVERSION = YES_AGGRESSIVE;
				CLANG_CXX_LANGUAGE_STANDARD = "gnu++14";
				CLANG_CXX_LIBRARY = "libc++";
				CLANG_ENABLE_MODULES = YES;
				CLANG_ENABLE_OBJC_ARC = YES;
				CLANG_ENABLE_OBJC_WEAK = YES;
				CLANG_WARN_BLOCK_CAPTURE_AUTORELEASING = YES;
				CLANG_WARN_BOOL_CONVERSION = YES;
				CLANG_WARN_COMMA = YES;
				CLANG_WARN_CONSTANT_CONVERSION = YES;
				CLANG_WARN_DEPRECATED_OBJC_IMPLEMENTATIONS = YES;
				CLANG_WARN_DIRECT_OBJC_ISA_USAGE = YES_ERROR;
				CLANG_WARN_DOCUMENTATION_COMMENTS = YES;
				CLANG_WARN_EMPTY_BODY = YES;
				CLANG_WARN_ENUM_CONVERSION = YES;
				CLANG_WARN_INFINITE_RECURSION = YES;
				CLANG_WARN_INT_CONVERSION = YES;
				CLANG_WARN_NON_LITERAL_NULL_CONVERSION = YES;
				CLANG_WARN_OBJC_IMPLICIT_RETAIN_SELF = YES;
				CLANG_WARN_OBJC_LITERAL_CONVERSION = YES;
				CLANG_WARN_OBJC_ROOT_CLASS = YES_ERROR;
				CLANG_WARN_QUOTED_INCLUDE_IN_FRAMEWORK_HEADER = YES;
				CLANG_WARN_RANGE_LOOP_ANALYSIS = YES;
				CLANG_WARN_STRICT_PROTOTYPES = YES;
				CLANG_WARN_SUSPICIOUS_MOVE = YES;
				CLANG_WARN_UNGUARDED_AVAILABILITY = YES_AGGRESSIVE;
				CLANG_WARN_UNREACHABLE_CODE = YES;
				CLANG_WARN__DUPLICATE_METHOD_MATCH = YES;
				COPY_PHASE_STRIP = NO;
				DEBUG_INFORMATION_FORMAT = "dwarf-with-dsym";
				ENABLE_NS_ASSERTIONS = NO;
				ENABLE_STRICT_OBJC_MSGSEND = YES;
				GCC_C_LANGUAGE_STANDARD = gnu11;
				GCC_NO_COMMON_BLOCKS = YES;
				GCC_WARN_64_TO_32_BIT_CONVERSION = YES;
				GCC_WARN_ABOUT_RETURN_TYPE = YES_ERROR;
				GCC_WARN_UNDECLARED_SELECTOR = YES;
				GCC_WARN_UNINITIALIZED_AUTOS = YES_AGGRESSIVE;
				GCC_WARN_UNUSED_FUNCTION = YES;
				GCC_WARN_UNUSED_VARIABLE = YES;
				IPHONEOS_DEPLOYMENT_TARGET = 14.0;
				MTL_ENABLE_DEBUG_INFO = NO;
				MTL_FAST_MATH = YES;
				SDKROOT = iphoneos;
				SWIFT_COMPILATION_MODE = wholemodule;
				SWIFT_OPTIMIZATION_LEVEL = "-O";
				VALIDATE_PRODUCT = YES;
			};
			name = Release;
		};
		52A20730254333B50090A12F /* Debug */ = {
			isa = XCBuildConfiguration;
			baseConfigurationReference = 101FF989EEF40BCF21D72C22 /* Pods-TdpCollapsingBar.debug.xcconfig */;
			buildSettings = {
				ASSETCATALOG_COMPILER_APPICON_NAME = AppIcon;
				ASSETCATALOG_COMPILER_GLOBAL_ACCENT_COLOR_NAME = AccentColor;
				CODE_SIGN_STYLE = Automatic;
				DEVELOPMENT_TEAM = AZ58662R7A;
				INFOPLIST_FILE = TdpCollapsingBar/Info.plist;
				LD_RUNPATH_SEARCH_PATHS = (
					"$(inherited)",
					"@executable_path/Frameworks",
				);
				PRODUCT_BUNDLE_IDENTIFIER = com.thidarphyo.TdpCollapsingBar;
				PRODUCT_NAME = "$(TARGET_NAME)";
				SWIFT_VERSION = 5.0;
				TARGETED_DEVICE_FAMILY = "1,2";
			};
			name = Debug;
		};
		52A20731254333B50090A12F /* Release */ = {
			isa = XCBuildConfiguration;
			baseConfigurationReference = 5768ECD169EF419F3110418D /* Pods-TdpCollapsingBar.release.xcconfig */;
			buildSettings = {
				ASSETCATALOG_COMPILER_APPICON_NAME = AppIcon;
				ASSETCATALOG_COMPILER_GLOBAL_ACCENT_COLOR_NAME = AccentColor;
				CODE_SIGN_STYLE = Automatic;
				DEVELOPMENT_TEAM = AZ58662R7A;
				INFOPLIST_FILE = TdpCollapsingBar/Info.plist;
				LD_RUNPATH_SEARCH_PATHS = (
					"$(inherited)",
					"@executable_path/Frameworks",
				);
				PRODUCT_BUNDLE_IDENTIFIER = com.thidarphyo.TdpCollapsingBar;
				PRODUCT_NAME = "$(TARGET_NAME)";
				SWIFT_VERSION = 5.0;
				TARGETED_DEVICE_FAMILY = "1,2";
			};
			name = Release;
		};
/* End XCBuildConfiguration section */

/* Begin XCConfigurationList section */
		52A20716254333B30090A12F /* Build configuration list for PBXProject "TdpCollapsingBar" */ = {
			isa = XCConfigurationList;
			buildConfigurations = (
				52A2072D254333B50090A12F /* Debug */,
				52A2072E254333B50090A12F /* Release */,
			);
			defaultConfigurationIsVisible = 0;
			defaultConfigurationName = Release;
		};
		52A2072F254333B50090A12F /* Build configuration list for PBXNativeTarget "TdpCollapsingBar" */ = {
			isa = XCConfigurationList;
			buildConfigurations = (
				52A20730254333B50090A12F /* Debug */,
				52A20731254333B50090A12F /* Release */,
			);
			defaultConfigurationIsVisible = 0;
			defaultConfigurationName = Release;
		};
/* End XCConfigurationList section */
	};
	rootObject = 52A20713254333B30090A12F /* Project object */;
}
